
Microsoft Visual Studio Solution File, Format Version 12.00
# Visual Studio 15
VisualStudioVersion = 15.0.28307.136
MinimumVisualStudioVersion = 10.0.40219.1
Project("{FAE04EC0-301F-11D3-BF4B-00C04F79EFBC}") = "WPFVirtualizarion", "WpfApp2\WPFVirtualizarion.csproj", "{39BA29D3-559E-461B-B70F-B4D54CDFB769}"
EndProject
Project("{FAE04EC0-301F-11D3-BF4B-00C04F79EFBC}") = "WpfApp1Charts", "WpfApp1Charts\WpfApp1Charts.csproj", "{9895525A-9A39-44A1-8E7E-A91D5C15403C}"
EndProject
Global
	GlobalSection(SolutionConfigurationPlatforms) = preSolution
		Debug|Any CPU = Debug|Any CPU
		Release|Any CPU = Release|Any CPU
	EndGlobalSection
	GlobalSection(ProjectConfigurationPlatforms) = postSolution
		{39BA29D3-559E-461B-B70F-B4D54CDFB769}.Debug|Any CPU.ActiveCfg = Debug|Any CPU
		{39BA29D3-559E-461B-B70F-B4D54CDFB769}.Debug|Any CPU.Build.0 = Debug|Any CPU
		{39BA29D3-559E-461B-B70F-B4D54CDFB769}.Release|Any CPU.ActiveCfg = Release|Any CPU
		{39BA29D3-559E-461B-B70F-B4D54CDFB769}.Release|Any CPU.Build.0 = Release|Any CPU
		{9895525A-9A39-44A1-8E7E-A91D5C15403C}.Debug|Any CPU.ActiveCfg = Debug|Any CPU
		{9895525A-9A39-44A1-8E7E-A91D5C15403C}.Debug|Any CPU.Build.0 = Debug|Any CPU
		{9895525A-9A39-44A1-8E7E-A91D5C15403C}.Release|Any CPU.ActiveCfg = Release|Any CPU
		{9895525A-9A39-44A1-8E7E-A91D5C15403C}.Release|Any CPU.Build.0 = Release|Any CPU
	EndGlobalSection
	GlobalSection(SolutionProperties) = preSolution
		HideSolutionNode = FALSE
	EndGlobalSection
	GlobalSection(ExtensibilityGlobals) = postSolution
		SolutionGuid = {5B82F270-F077-4764-B79B-02EC3142D5DF}
	EndGlobalSection
EndGlobal
